// !$*UTF8*$!
{
	archiveVersion = 1;
	classes = {
	};
	objectVersion = 50;
	objects = {

/* Begin PBXBuildFile section */
		5DC750DB21E213ED0012B16C /* PYAegis.framework in Frameworks */ = {isa = PBXBuildFile; fileRef = 5DC750D121E213ED0012B16C /* PYAegis.framework */; };
		5DC750E221E213ED0012B16C /* PYAegis.h in Headers */ = {isa = PBXBuildFile; fileRef = 5DC750D421E213ED0012B16C /* PYAegis.h */; settings = {ATTRIBUTES = (Public, ); }; };
		5DC750ED21E213ED0012B16C /* NSObject+MethodSwizzling.h in Headers */ = {isa = PBXBuildFile; fileRef = 5DC750EB21E213ED0012B16C /* NSObject+MethodSwizzling.h */; settings = {ATTRIBUTES = (Public, ); }; };
		5DC750EE21E213ED0012B16C /* NSObject+MethodSwizzling.m in Sources */ = {isa = PBXBuildFile; fileRef = 5DC750EC21E213ED0012B16C /* NSObject+MethodSwizzling.m */; };
		5DC750F121E213ED0012B16C /* PYADefine.h in Headers */ = {isa = PBXBuildFile; fileRef = 5DC750F021E213ED0012B16C /* PYADefine.h */; settings = {ATTRIBUTES = (Public, ); }; };
		5DC750F421E213ED0012B16C /* PYACrashType.h in Headers */ = {isa = PBXBuildFile; fileRef = 5DC750F221E213ED0012B16C /* PYACrashType.h */; settings = {ATTRIBUTES = (Public, ); }; };
		5DC750F521E213ED0012B16C /* PYACrashType.m in Sources */ = {isa = PBXBuildFile; fileRef = 5DC750F321E213ED0012B16C /* PYACrashType.m */; };
		5DC750F721E213ED0012B16C /* MethodSwizzlingTests.m in Sources */ = {isa = PBXBuildFile; fileRef = 5DC750F621E213ED0012B16C /* MethodSwizzlingTests.m */; };
		5DC750FA21E213ED0012B16C /* NSTimer+Weak.m in Sources */ = {isa = PBXBuildFile; fileRef = 5DC750F821E213ED0012B16C /* NSTimer+Weak.m */; };
		5DC750FB21E213ED0012B16C /* NSTimer+Weak.h in Headers */ = {isa = PBXBuildFile; fileRef = 5DC750F921E213ED0012B16C /* NSTimer+Weak.h */; };
		5DC750FD21E213ED0012B16C /* NSTimerTests.m in Sources */ = {isa = PBXBuildFile; fileRef = 5DC750FC21E213ED0012B16C /* NSTimerTests.m */; };
		5DC7510021E213ED0012B16C /* NSObject+UnregnizedSelector.m in Sources */ = {isa = PBXBuildFile; fileRef = 5DC750FE21E213ED0012B16C /* NSObject+UnregnizedSelector.m */; };
		5DC7510121E213ED0012B16C /* NSObject+UnregnizedSelector.h in Headers */ = {isa = PBXBuildFile; fileRef = 5DC750FF21E213ED0012B16C /* NSObject+UnregnizedSelector.h */; };
		5DC7510321E213ED0012B16C /* UnrecognizedSelectTests.m in Sources */ = {isa = PBXBuildFile; fileRef = 5DC7510221E213ED0012B16C /* UnrecognizedSelectTests.m */; };
		5DC7510621E213ED0012B16C /* NSObject+KVOCrash.m in Sources */ = {isa = PBXBuildFile; fileRef = 5DC7510421E213ED0012B16C /* NSObject+KVOCrash.m */; };
		5DC7510721E213ED0012B16C /* NSObject+KVOCrash.h in Headers */ = {isa = PBXBuildFile; fileRef = 5DC7510521E213ED0012B16C /* NSObject+KVOCrash.h */; };
		5DC7510921E213ED0012B16C /* KVOTests.m in Sources */ = {isa = PBXBuildFile; fileRef = 5DC7510821E213ED0012B16C /* KVOTests.m */; };
		5DC7510B21E213ED0012B16C /* NSNotificationTests.m in Sources */ = {isa = PBXBuildFile; fileRef = 5DC7510A21E213ED0012B16C /* NSNotificationTests.m */; };
		5DC7510E21E213ED0012B16C /* NSObject+NSNotification.h in Headers */ = {isa = PBXBuildFile; fileRef = 5DC7510C21E213ED0012B16C /* NSObject+NSNotification.h */; };
		5DC7510F21E213ED0012B16C /* NSObject+NSNotification.m in Sources */ = {isa = PBXBuildFile; fileRef = 5DC7510D21E213ED0012B16C /* NSObject+NSNotification.m */; };
		5DC7511421E213ED0012B16C /* NSString+PYAegis.m in Sources */ = {isa = PBXBuildFile; fileRef = 5DC7511021E213ED0012B16C /* NSString+PYAegis.m */; };
		5DC7511521E213ED0012B16C /* NSMutableString+PYAegis.h in Headers */ = {isa = PBXBuildFile; fileRef = 5DC7511121E213ED0012B16C /* NSMutableString+PYAegis.h */; };
		5DC7511621E213ED0012B16C /* NSString+PYAegis.h in Headers */ = {isa = PBXBuildFile; fileRef = 5DC7511221E213ED0012B16C /* NSString+PYAegis.h */; };
		5DC7511721E213ED0012B16C /* NSMutableString+PYAegis.m in Sources */ = {isa = PBXBuildFile; fileRef = 5DC7511321E213ED0012B16C /* NSMutableString+PYAegis.m */; };
		5DC7511A21E213ED0012B16C /* NSStringTests.m in Sources */ = {isa = PBXBuildFile; fileRef = 5DC7511821E213ED0012B16C /* NSStringTests.m */; };
		5DC7511B21E213ED0012B16C /* NSMutableStringTests.m in Sources */ = {isa = PBXBuildFile; fileRef = 5DC7511921E213ED0012B16C /* NSMutableStringTests.m */; };
		BF2E68923FEBA7D64A9ED0E7 /* libPods-PYAegisTests.a in Frameworks */ = {isa = PBXBuildFile; fileRef = 0777F878E140A2543EE9C76C /* libPods-PYAegisTests.a */; };
/* End PBXBuildFile section */

/* Begin PBXContainerItemProxy section */
		5DC750DC21E213ED0012B16C /* PBXContainerItemProxy */ = {
			isa = PBXContainerItemProxy;
			containerPortal = 5DC750C821E213ED0012B16C /* Project object */;
			proxyType = 1;
			remoteGlobalIDString = 5DC750D021E213ED0012B16C;
			remoteInfo = PYAegis;
		};
/* End PBXContainerItemProxy section */

/* Begin PBXFileReference section */
		0777F878E140A2543EE9C76C /* libPods-PYAegisTests.a */ = {isa = PBXFileReference; explicitFileType = archive.ar; includeInIndex = 0; path = "libPods-PYAegisTests.a"; sourceTree = BUILT_PRODUCTS_DIR; };
		5D20D1F10519D43B0C3D2884 /* Pods-PYAegisTests.debug.xcconfig */ = {isa = PBXFileReference; includeInIndex = 1; lastKnownFileType = text.xcconfig; name = "Pods-PYAegisTests.debug.xcconfig"; path = "Pods/Target Support Files/Pods-PYAegisTests/Pods-PYAegisTests.debug.xcconfig"; sourceTree = "<group>"; };
		5DC750D121E213ED0012B16C /* PYAegis.framework */ = {isa = PBXFileReference; explicitFileType = wrapper.framework; includeInIndex = 0; path = PYAegis.framework; sourceTree = BUILT_PRODUCTS_DIR; };
		5DC750D421E213ED0012B16C /* PYAegis.h */ = {isa = PBXFileReference; lastKnownFileType = sourcecode.c.h; path = PYAegis.h; sourceTree = "<group>"; };
		5DC750D521E213ED0012B16C /* Info.plist */ = {isa = PBXFileReference; lastKnownFileType = text.plist.xml; path = Info.plist; sourceTree = "<group>"; };
		5DC750DA21E213ED0012B16C /* PYAegisTests.xctest */ = {isa = PBXFileReference; explicitFileType = wrapper.cfbundle; includeInIndex = 0; path = PYAegisTests.xctest; sourceTree = BUILT_PRODUCTS_DIR; };
		5DC750E121E213ED0012B16C /* Info.plist */ = {isa = PBXFileReference; lastKnownFileType = text.plist.xml; path = Info.plist; sourceTree = "<group>"; };
		5DC750EB21E213ED0012B16C /* NSObject+MethodSwizzling.h */ = {isa = PBXFileReference; fileEncoding = 4; lastKnownFileType = sourcecode.c.h; path = "NSObject+MethodSwizzling.h"; sourceTree = "<group>"; };
		5DC750EC21E213ED0012B16C /* NSObject+MethodSwizzling.m */ = {isa = PBXFileReference; fileEncoding = 4; lastKnownFileType = sourcecode.c.objc; path = "NSObject+MethodSwizzling.m"; sourceTree = "<group>"; };
		5DC750F021E213ED0012B16C /* PYADefine.h */ = {isa = PBXFileReference; fileEncoding = 4; lastKnownFileType = sourcecode.c.h; path = PYADefine.h; sourceTree = "<group>"; };
		5DC750F221E213ED0012B16C /* PYACrashType.h */ = {isa = PBXFileReference; fileEncoding = 4; lastKnownFileType = sourcecode.c.h; path = PYACrashType.h; sourceTree = "<group>"; };
		5DC750F321E213ED0012B16C /* PYACrashType.m */ = {isa = PBXFileReference; fileEncoding = 4; lastKnownFileType = sourcecode.c.objc; path = PYACrashType.m; sourceTree = "<group>"; };
		5DC750F621E213ED0012B16C /* MethodSwizzlingTests.m */ = {isa = PBXFileReference; fileEncoding = 4; lastKnownFileType = sourcecode.c.objc; path = MethodSwizzlingTests.m; sourceTree = "<group>"; };
		5DC750F821E213ED0012B16C /* NSTimer+Weak.m */ = {isa = PBXFileReference; fileEncoding = 4; lastKnownFileType = sourcecode.c.objc; path = "NSTimer+Weak.m"; sourceTree = "<group>"; };
		5DC750F921E213ED0012B16C /* NSTimer+Weak.h */ = {isa = PBXFileReference; fileEncoding = 4; lastKnownFileType = sourcecode.c.h; path = "NSTimer+Weak.h"; sourceTree = "<group>"; };
		5DC750FC21E213ED0012B16C /* NSTimerTests.m */ = {isa = PBXFileReference; fileEncoding = 4; lastKnownFileType = sourcecode.c.objc; path = NSTimerTests.m; sourceTree = "<group>"; };
		5DC750FE21E213ED0012B16C /* NSObject+UnregnizedSelector.m */ = {isa = PBXFileReference; fileEncoding = 4; lastKnownFileType = sourcecode.c.objc; path = "NSObject+UnregnizedSelector.m"; sourceTree = "<group>"; };
		5DC750FF21E213ED0012B16C /* NSObject+UnregnizedSelector.h */ = {isa = PBXFileReference; fileEncoding = 4; lastKnownFileType = sourcecode.c.h; path = "NSObject+UnregnizedSelector.h"; sourceTree = "<group>"; };
		5DC7510221E213ED0012B16C /* UnrecognizedSelectTests.m */ = {isa = PBXFileReference; fileEncoding = 4; lastKnownFileType = sourcecode.c.objc; path = UnrecognizedSelectTests.m; sourceTree = "<group>"; };
		5DC7510421E213ED0012B16C /* NSObject+KVOCrash.m */ = {isa = PBXFileReference; fileEncoding = 4; lastKnownFileType = sourcecode.c.objc; path = "NSObject+KVOCrash.m"; sourceTree = "<group>"; };
		5DC7510521E213ED0012B16C /* NSObject+KVOCrash.h */ = {isa = PBXFileReference; fileEncoding = 4; lastKnownFileType = sourcecode.c.h; path = "NSObject+KVOCrash.h"; sourceTree = "<group>"; };
		5DC7510821E213ED0012B16C /* KVOTests.m */ = {isa = PBXFileReference; fileEncoding = 4; lastKnownFileType = sourcecode.c.objc; path = KVOTests.m; sourceTree = "<group>"; };
		5DC7510A21E213ED0012B16C /* NSNotificationTests.m */ = {isa = PBXFileReference; fileEncoding = 4; lastKnownFileType = sourcecode.c.objc; path = NSNotificationTests.m; sourceTree = "<group>"; };
		5DC7510C21E213ED0012B16C /* NSObject+NSNotification.h */ = {isa = PBXFileReference; fileEncoding = 4; lastKnownFileType = sourcecode.c.h; path = "NSObject+NSNotification.h"; sourceTree = "<group>"; };
		5DC7510D21E213ED0012B16C /* NSObject+NSNotification.m */ = {isa = PBXFileReference; fileEncoding = 4; lastKnownFileType = sourcecode.c.objc; path = "NSObject+NSNotification.m"; sourceTree = "<group>"; };
		5DC7511021E213ED0012B16C /* NSString+PYAegis.m */ = {isa = PBXFileReference; fileEncoding = 4; lastKnownFileType = sourcecode.c.objc; path = "NSString+PYAegis.m"; sourceTree = "<group>"; };
		5DC7511121E213ED0012B16C /* NSMutableString+PYAegis.h */ = {isa = PBXFileReference; fileEncoding = 4; lastKnownFileType = sourcecode.c.h; path = "NSMutableString+PYAegis.h"; sourceTree = "<group>"; };
		5DC7511221E213ED0012B16C /* NSString+PYAegis.h */ = {isa = PBXFileReference; fileEncoding = 4; lastKnownFileType = sourcecode.c.h; path = "NSString+PYAegis.h"; sourceTree = "<group>"; };
		5DC7511321E213ED0012B16C /* NSMutableString+PYAegis.m */ = {isa = PBXFileReference; fileEncoding = 4; lastKnownFileType = sourcecode.c.objc; path = "NSMutableString+PYAegis.m"; sourceTree = "<group>"; };
		5DC7511821E213ED0012B16C /* NSStringTests.m */ = {isa = PBXFileReference; fileEncoding = 4; lastKnownFileType = sourcecode.c.objc; path = NSStringTests.m; sourceTree = "<group>"; };
		5DC7511921E213ED0012B16C /* NSMutableStringTests.m */ = {isa = PBXFileReference; fileEncoding = 4; lastKnownFileType = sourcecode.c.objc; path = NSMutableStringTests.m; sourceTree = "<group>"; };
		A045FDA387567CFE15D2DC64 /* Pods-PYAegisTests.release.xcconfig */ = {isa = PBXFileReference; includeInIndex = 1; lastKnownFileType = text.xcconfig; name = "Pods-PYAegisTests.release.xcconfig"; path = "Pods/Target Support Files/Pods-PYAegisTests/Pods-PYAegisTests.release.xcconfig"; sourceTree = "<group>"; };
/* End PBXFileReference section */

/* Begin PBXFrameworksBuildPhase section */
		5DC750CE21E213ED0012B16C /* Frameworks */ = {
			isa = PBXFrameworksBuildPhase;
			buildActionMask = 2147483647;
			files = (
			);
			runOnlyForDeploymentPostprocessing = 0;
		};
		5DC750D721E213ED0012B16C /* Frameworks */ = {
			isa = PBXFrameworksBuildPhase;
			buildActionMask = 2147483647;
			files = (
				5DC750DB21E213ED0012B16C /* PYAegis.framework in Frameworks */,
				BF2E68923FEBA7D64A9ED0E7 /* libPods-PYAegisTests.a in Frameworks */,
			);
			runOnlyForDeploymentPostprocessing = 0;
		};
/* End PBXFrameworksBuildPhase section */

/* Begin PBXGroup section */
		55A304B877F67EAEED18828A /* Pods */ = {
			isa = PBXGroup;
			children = (
				5D20D1F10519D43B0C3D2884 /* Pods-PYAegisTests.debug.xcconfig */,
				A045FDA387567CFE15D2DC64 /* Pods-PYAegisTests.release.xcconfig */,
			);
			name = Pods;
			sourceTree = "<group>";
		};
		5DC750C721E213ED0012B16C = {
			isa = PBXGroup;
			children = (
				5DC750D321E213ED0012B16C /* PYAegis */,
				5DC750DE21E213ED0012B16C /* PYAegisTests */,
				5DC750D221E213ED0012B16C /* Products */,
				55A304B877F67EAEED18828A /* Pods */,
				B8FE787AD476D3167861FD45 /* Frameworks */,
			);
			sourceTree = "<group>";
		};
		5DC750D221E213ED0012B16C /* Products */ = {
			isa = PBXGroup;
			children = (
				5DC750D121E213ED0012B16C /* PYAegis.framework */,
				5DC750DA21E213ED0012B16C /* PYAegisTests.xctest */,
			);
			name = Products;
			sourceTree = "<group>";
		};
		5DC750D321E213ED0012B16C /* PYAegis */ = {
			isa = PBXGroup;
			children = (
				5DC750D521E213ED0012B16C /* Info.plist */,
				5DC7511121E213ED0012B16C /* NSMutableString+PYAegis.h */,
				5DC7511321E213ED0012B16C /* NSMutableString+PYAegis.m */,
				5DC7510521E213ED0012B16C /* NSObject+KVOCrash.h */,
				5DC7510421E213ED0012B16C /* NSObject+KVOCrash.m */,
				5DC750EB21E213ED0012B16C /* NSObject+MethodSwizzling.h */,
				5DC750EC21E213ED0012B16C /* NSObject+MethodSwizzling.m */,
				5DC7510C21E213ED0012B16C /* NSObject+NSNotification.h */,
				5DC7510D21E213ED0012B16C /* NSObject+NSNotification.m */,
				5DC750FF21E213ED0012B16C /* NSObject+UnregnizedSelector.h */,
				5DC750FE21E213ED0012B16C /* NSObject+UnregnizedSelector.m */,
				5DC7511221E213ED0012B16C /* NSString+PYAegis.h */,
				5DC7511021E213ED0012B16C /* NSString+PYAegis.m */,
				5DC750F921E213ED0012B16C /* NSTimer+Weak.h */,
				5DC750F821E213ED0012B16C /* NSTimer+Weak.m */,
				5DC750D421E213ED0012B16C /* PYAegis.h */,
				5DC750EF21E213ED0012B16C /* Utils */,
			);
			path = PYAegis;
			sourceTree = "<group>";
		};
		5DC750DE21E213ED0012B16C /* PYAegisTests */ = {
			isa = PBXGroup;
			children = (
				5DC750E121E213ED0012B16C /* Info.plist */,
				5DC7510821E213ED0012B16C /* KVOTests.m */,
				5DC750F621E213ED0012B16C /* MethodSwizzlingTests.m */,
				5DC7511921E213ED0012B16C /* NSMutableStringTests.m */,
				5DC7510A21E213ED0012B16C /* NSNotificationTests.m */,
				5DC7511821E213ED0012B16C /* NSStringTests.m */,
				5DC750FC21E213ED0012B16C /* NSTimerTests.m */,
				5DC7510221E213ED0012B16C /* UnrecognizedSelectTests.m */,
			);
			path = PYAegisTests;
			sourceTree = "<group>";
		};
		5DC750EF21E213ED0012B16C /* Utils */ = {
			isa = PBXGroup;
			children = (
				5DC750F221E213ED0012B16C /* PYACrashType.h */,
				5DC750F321E213ED0012B16C /* PYACrashType.m */,
				5DC750F021E213ED0012B16C /* PYADefine.h */,
			);
			path = Utils;
			sourceTree = "<group>";
		};
		B8FE787AD476D3167861FD45 /* Frameworks */ = {
			isa = PBXGroup;
			children = (
				0777F878E140A2543EE9C76C /* libPods-PYAegisTests.a */,
			);
			name = Frameworks;
			sourceTree = "<group>";
		};
/* End PBXGroup section */

/* Begin PBXHeadersBuildPhase section */
		5DC750CC21E213ED0012B16C /* Headers */ = {
			isa = PBXHeadersBuildPhase;
			buildActionMask = 2147483647;
			files = (
				5DC750F121E213ED0012B16C /* PYADefine.h in Headers */,
				5DC750E221E213ED0012B16C /* PYAegis.h in Headers */,
				5DC7510E21E213ED0012B16C /* NSObject+NSNotification.h in Headers */,
				5DC750ED21E213ED0012B16C /* NSObject+MethodSwizzling.h in Headers */,
				5DC750FB21E213ED0012B16C /* NSTimer+Weak.h in Headers */,
				5DC7510121E213ED0012B16C /* NSObject+UnregnizedSelector.h in Headers */,
				5DC7511521E213ED0012B16C /* NSMutableString+PYAegis.h in Headers */,
				5DC750F421E213ED0012B16C /* PYACrashType.h in Headers */,
				5DC7510721E213ED0012B16C /* NSObject+KVOCrash.h in Headers */,
				5DC7511621E213ED0012B16C /* NSString+PYAegis.h in Headers */,
			);
			runOnlyForDeploymentPostprocessing = 0;
		};
/* End PBXHeadersBuildPhase section */

/* Begin PBXNativeTarget section */
		5DC750D021E213ED0012B16C /* PYAegis */ = {
			isa = PBXNativeTarget;
			buildConfigurationList = 5DC750E521E213ED0012B16C /* Build configuration list for PBXNativeTarget "PYAegis" */;
			buildPhases = (
				5DC750CC21E213ED0012B16C /* Headers */,
				5DC750CD21E213ED0012B16C /* Sources */,
				5DC750CE21E213ED0012B16C /* Frameworks */,
				5DC750CF21E213ED0012B16C /* Resources */,
			);
			buildRules = (
			);
			dependencies = (
			);
			name = PYAegis;
			productName = PYAegis;
			productReference = 5DC750D121E213ED0012B16C /* PYAegis.framework */;
			productType = "com.apple.product-type.framework";
		};
		5DC750D921E213ED0012B16C /* PYAegisTests */ = {
			isa = PBXNativeTarget;
			buildConfigurationList = 5DC750E821E213ED0012B16C /* Build configuration list for PBXNativeTarget "PYAegisTests" */;
			buildPhases = (
				E4053D6B487B0456BA39A9B3 /* [CP] Check Pods Manifest.lock */,
				5DC750D621E213ED0012B16C /* Sources */,
				5DC750D721E213ED0012B16C /* Frameworks */,
				5DC750D821E213ED0012B16C /* Resources */,
			);
			buildRules = (
			);
			dependencies = (
				5DC750DD21E213ED0012B16C /* PBXTargetDependency */,
			);
			name = PYAegisTests;
			productName = PYAegisTests;
			productReference = 5DC750DA21E213ED0012B16C /* PYAegisTests.xctest */;
			productType = "com.apple.product-type.bundle.unit-test";
		};
/* End PBXNativeTarget section */

/* Begin PBXProject section */
		5DC750C821E213ED0012B16C /* Project object */ = {
			isa = PBXProject;
			attributes = {
				LastUpgradeCheck = 1010;
				ORGANIZATIONNAME = "Pluto-Y";
				TargetAttributes = {
					5DC750D021E213ED0012B16C = {
						CreatedOnToolsVersion = 10.1;
					};
					5DC750D921E213ED0012B16C = {
						CreatedOnToolsVersion = 10.1;
					};
				};
			};
			buildConfigurationList = 5DC750CB21E213ED0012B16C /* Build configuration list for PBXProject "PYAegis" */;
			compatibilityVersion = "Xcode 9.3";
			developmentRegion = en;
			hasScannedForEncodings = 0;
			knownRegions = (
				en,
			);
			mainGroup = 5DC750C721E213ED0012B16C;
			productRefGroup = 5DC750D221E213ED0012B16C /* Products */;
			projectDirPath = "";
			projectRoot = "";
			targets = (
				5DC750D021E213ED0012B16C /* PYAegis */,
				5DC750D921E213ED0012B16C /* PYAegisTests */,
			);
		};
/* End PBXProject section */

/* Begin PBXResourcesBuildPhase section */
		5DC750CF21E213ED0012B16C /* Resources */ = {
			isa = PBXResourcesBuildPhase;
			buildActionMask = 2147483647;
			files = (
			);
			runOnlyForDeploymentPostprocessing = 0;
		};
		5DC750D821E213ED0012B16C /* Resources */ = {
			isa = PBXResourcesBuildPhase;
			buildActionMask = 2147483647;
			files = (
			);
			runOnlyForDeploymentPostprocessing = 0;
		};
/* End PBXResourcesBuildPhase section */

/* Begin PBXShellScriptBuildPhase section */
		E4053D6B487B0456BA39A9B3 /* [CP] Check Pods Manifest.lock */ = {
			isa = PBXShellScriptBuildPhase;
			buildActionMask = 2147483647;
			files = (
			);
			inputPaths = (
				"${PODS_PODFILE_DIR_PATH}/Podfile.lock",
				"${PODS_ROOT}/Manifest.lock",
			);
			name = "[CP] Check Pods Manifest.lock";
			outputPaths = (
				"$(DERIVED_FILE_DIR)/Pods-PYAegisTests-checkManifestLockResult.txt",
			);
			runOnlyForDeploymentPostprocessing = 0;
			shellPath = /bin/sh;
			shellScript = "diff \"${PODS_PODFILE_DIR_PATH}/Podfile.lock\" \"${PODS_ROOT}/Manifest.lock\" > /dev/null\nif [ $? != 0 ] ; then\n    # print error to STDERR\n    echo \"error: The sandbox is not in sync with the Podfile.lock. Run 'pod install' or update your CocoaPods installation.\" >&2\n    exit 1\nfi\n# This output is used by Xcode 'outputs' to avoid re-running this script phase.\necho \"SUCCESS\" > \"${SCRIPT_OUTPUT_FILE_0}\"\n";
			showEnvVarsInLog = 0;
		};
/* End PBXShellScriptBuildPhase section */

/* Begin PBXSourcesBuildPhase section */
		5DC750CD21E213ED0012B16C /* Sources */ = {
			isa = PBXSourcesBuildPhase;
			buildActionMask = 2147483647;
			files = (
				5DC7510621E213ED0012B16C /* NSObject+KVOCrash.m in Sources */,
				5DC750F521E213ED0012B16C /* PYACrashType.m in Sources */,
				5DC750EE21E213ED0012B16C /* NSObject+MethodSwizzling.m in Sources */,
				5DC7511721E213ED0012B16C /* NSMutableString+PYAegis.m in Sources */,
				5DC7511421E213ED0012B16C /* NSString+PYAegis.m in Sources */,
				5DC7510F21E213ED0012B16C /* NSObject+NSNotification.m in Sources */,
				5DC750FA21E213ED0012B16C /* NSTimer+Weak.m in Sources */,
				5DC7510021E213ED0012B16C /* NSObject+UnregnizedSelector.m in Sources */,
			);
			runOnlyForDeploymentPostprocessing = 0;
		};
		5DC750D621E213ED0012B16C /* Sources */ = {
			isa = PBXSourcesBuildPhase;
			buildActionMask = 2147483647;
			files = (
				5DC7510921E213ED0012B16C /* KVOTests.m in Sources */,
				5DC7511A21E213ED0012B16C /* NSStringTests.m in Sources */,
				5DC7511B21E213ED0012B16C /* NSMutableStringTests.m in Sources */,
				5DC7510B21E213ED0012B16C /* NSNotificationTests.m in Sources */,
				5DC750F721E213ED0012B16C /* MethodSwizzlingTests.m in Sources */,
				5DC7510321E213ED0012B16C /* UnrecognizedSelectTests.m in Sources */,
				5DC750FD21E213ED0012B16C /* NSTimerTests.m in Sources */,
			);
			runOnlyForDeploymentPostprocessing = 0;
		};
/* End PBXSourcesBuildPhase section */

/* Begin PBXTargetDependency section */
		5DC750DD21E213ED0012B16C /* PBXTargetDependency */ = {
			isa = PBXTargetDependency;
			target = 5DC750D021E213ED0012B16C /* PYAegis */;
			targetProxy = 5DC750DC21E213ED0012B16C /* PBXContainerItemProxy */;
		};
/* End PBXTargetDependency section */

/* Begin XCBuildConfiguration section */
		5DC750E321E213ED0012B16C /* Debug */ = {
			isa = XCBuildConfiguration;
			buildSettings = {
				ALWAYS_SEARCH_USER_PATHS = NO;
				CLANG_ANALYZER_NONNULL = YES;
				CLANG_ANALYZER_NUMBER_OBJECT_CONVERSION = YES_AGGRESSIVE;
				CLANG_CXX_LANGUAGE_STANDARD = "gnu++14";
				CLANG_CXX_LIBRARY = "libc++";
				CLANG_ENABLE_MODULES = YES;
				CLANG_ENABLE_OBJC_ARC = YES;
				CLANG_ENABLE_OBJC_WEAK = YES;
				CLANG_WARN_BLOCK_CAPTURE_AUTORELEASING = YES;
				CLANG_WARN_BOOL_CONVERSION = YES;
				CLANG_WARN_COMMA = YES;
				CLANG_WARN_CONSTANT_CONVERSION = YES;
				CLANG_WARN_DEPRECATED_OBJC_IMPLEMENTATIONS = YES;
				CLANG_WARN_DIRECT_OBJC_ISA_USAGE = YES_ERROR;
				CLANG_WARN_DOCUMENTATION_COMMENTS = YES;
				CLANG_WARN_EMPTY_BODY = YES;
				CLANG_WARN_ENUM_CONVERSION = YES;
				CLANG_WARN_INFINITE_RECURSION = YES;
				CLANG_WARN_INT_CONVERSION = YES;
				CLANG_WARN_NON_LITERAL_NULL_CONVERSION = YES;
				CLANG_WARN_OBJC_IMPLICIT_RETAIN_SELF = YES;
				CLANG_WARN_OBJC_LITERAL_CONVERSION = YES;
				CLANG_WARN_OBJC_ROOT_CLASS = YES_ERROR;
				CLANG_WARN_RANGE_LOOP_ANALYSIS = YES;
				CLANG_WARN_STRICT_PROTOTYPES = YES;
				CLANG_WARN_SUSPICIOUS_MOVE = YES;
				CLANG_WARN_UNGUARDED_AVAILABILITY = YES_AGGRESSIVE;
				CLANG_WARN_UNREACHABLE_CODE = YES;
				CLANG_WARN__DUPLICATE_METHOD_MATCH = YES;
				CODE_SIGN_IDENTITY = "iPhone Developer";
				COPY_PHASE_STRIP = NO;
				CURRENT_PROJECT_VERSION = 1;
				DEBUG_INFORMATION_FORMAT = dwarf;
				ENABLE_STRICT_OBJC_MSGSEND = YES;
				ENABLE_TESTABILITY = YES;
				GCC_C_LANGUAGE_STANDARD = gnu11;
				GCC_DYNAMIC_NO_PIC = NO;
				GCC_NO_COMMON_BLOCKS = YES;
				GCC_OPTIMIZATION_LEVEL = 0;
				GCC_PREPROCESSOR_DEFINITIONS = (
					"DEBUG=1",
					"$(inherited)",
				);
				GCC_WARN_64_TO_32_BIT_CONVERSION = YES;
				GCC_WARN_ABOUT_RETURN_TYPE = YES_ERROR;
				GCC_WARN_UNDECLARED_SELECTOR = YES;
				GCC_WARN_UNINITIALIZED_AUTOS = YES_AGGRESSIVE;
				GCC_WARN_UNUSED_FUNCTION = YES;
				GCC_WARN_UNUSED_VARIABLE = YES;
				IPHONEOS_DEPLOYMENT_TARGET = 8.0;
				MTL_ENABLE_DEBUG_INFO = INCLUDE_SOURCE;
				MTL_FAST_MATH = YES;
				ONLY_ACTIVE_ARCH = YES;
				SDKROOT = iphoneos;
				VERSIONING_SYSTEM = "apple-generic";
				VERSION_INFO_PREFIX = "";
			};
			name = Debug;
		};
		5DC750E421E213ED0012B16C /* Release */ = {
			isa = XCBuildConfiguration;
			buildSettings = {
				ALWAYS_SEARCH_USER_PATHS = NO;
				CLANG_ANALYZER_NONNULL = YES;
				CLANG_ANALYZER_NUMBER_OBJECT_CONVERSION = YES_AGGRESSIVE;
				CLANG_CXX_LANGUAGE_STANDARD = "gnu++14";
				CLANG_CXX_LIBRARY = "libc++";
				CLANG_ENABLE_MODULES = YES;
				CLANG_ENABLE_OBJC_ARC = YES;
				CLANG_ENABLE_OBJC_WEAK = YES;
				CLANG_WARN_BLOCK_CAPTURE_AUTORELEASING = YES;
				CLANG_WARN_BOOL_CONVERSION = YES;
				CLANG_WARN_COMMA = YES;
				CLANG_WARN_CONSTANT_CONVERSION = YES;
				CLANG_WARN_DEPRECATED_OBJC_IMPLEMENTATIONS = YES;
				CLANG_WARN_DIRECT_OBJC_ISA_USAGE = YES_ERROR;
				CLANG_WARN_DOCUMENTATION_COMMENTS = YES;
				CLANG_WARN_EMPTY_BODY = YES;
				CLANG_WARN_ENUM_CONVERSION = YES;
				CLANG_WARN_INFINITE_RECURSION = YES;
				CLANG_WARN_INT_CONVERSION = YES;
				CLANG_WARN_NON_LITERAL_NULL_CONVERSION = YES;
				CLANG_WARN_OBJC_IMPLICIT_RETAIN_SELF = YES;
				CLANG_WARN_OBJC_LITERAL_CONVERSION = YES;
				CLANG_WARN_OBJC_ROOT_CLASS = YES_ERROR;
				CLANG_WARN_RANGE_LOOP_ANALYSIS = YES;
				CLANG_WARN_STRICT_PROTOTYPES = YES;
				CLANG_WARN_SUSPICIOUS_MOVE = YES;
				CLANG_WARN_UNGUARDED_AVAILABILITY = YES_AGGRESSIVE;
				CLANG_WARN_UNREACHABLE_CODE = YES;
				CLANG_WARN__DUPLICATE_METHOD_MATCH = YES;
				CODE_SIGN_IDENTITY = "iPhone Developer";
				COPY_PHASE_STRIP = NO;
				CURRENT_PROJECT_VERSION = 1;
				DEBUG_INFORMATION_FORMAT = "dwarf-with-dsym";
				ENABLE_NS_ASSERTIONS = NO;
				ENABLE_STRICT_OBJC_MSGSEND = YES;
				GCC_C_LANGUAGE_STANDARD = gnu11;
				GCC_NO_COMMON_BLOCKS = YES;
				GCC_WARN_64_TO_32_BIT_CONVERSION = YES;
				GCC_WARN_ABOUT_RETURN_TYPE = YES_ERROR;
				GCC_WARN_UNDECLARED_SELECTOR = YES;
				GCC_WARN_UNINITIALIZED_AUTOS = YES_AGGRESSIVE;
				GCC_WARN_UNUSED_FUNCTION = YES;
				GCC_WARN_UNUSED_VARIABLE = YES;
				IPHONEOS_DEPLOYMENT_TARGET = 8.0;
				MTL_ENABLE_DEBUG_INFO = NO;
				MTL_FAST_MATH = YES;
				SDKROOT = iphoneos;
				VALIDATE_PRODUCT = YES;
				VERSIONING_SYSTEM = "apple-generic";
				VERSION_INFO_PREFIX = "";
			};
			name = Release;
		};
		5DC750E621E213ED0012B16C /* Debug */ = {
			isa = XCBuildConfiguration;
			buildSettings = {
				CODE_SIGN_IDENTITY = "";
				CODE_SIGN_STYLE = Automatic;
				DEFINES_MODULE = YES;
				DEVELOPMENT_TEAM = 7KW8997Y5M;
				DYLIB_COMPATIBILITY_VERSION = 1;
				DYLIB_CURRENT_VERSION = 1;
				DYLIB_INSTALL_NAME_BASE = "@rpath";
				INFOPLIST_FILE = PYAegis/Info.plist;
				INSTALL_PATH = "$(LOCAL_LIBRARY_DIR)/Frameworks";
				IPHONEOS_DEPLOYMENT_TARGET = 8.0;
				LD_RUNPATH_SEARCH_PATHS = (
					"$(inherited)",
					"@executable_path/Frameworks",
					"@loader_path/Frameworks",
				);
				PRODUCT_BUNDLE_IDENTIFIER = "com.pluto-y.PYAegis";
				PRODUCT_NAME = "$(TARGET_NAME:c99extidentifier)";
				SKIP_INSTALL = YES;
				TARGETED_DEVICE_FAMILY = "1,2";
			};
			name = Debug;
		};
		5DC750E721E213ED0012B16C /* Release */ = {
			isa = XCBuildConfiguration;
			buildSettings = {
				CODE_SIGN_IDENTITY = "";
				CODE_SIGN_STYLE = Automatic;
				DEFINES_MODULE = YES;
				DEVELOPMENT_TEAM = 7KW8997Y5M;
				DYLIB_COMPATIBILITY_VERSION = 1;
				DYLIB_CURRENT_VERSION = 1;
				DYLIB_INSTALL_NAME_BASE = "@rpath";
				INFOPLIST_FILE = PYAegis/Info.plist;
				INSTALL_PATH = "$(LOCAL_LIBRARY_DIR)/Frameworks";
				IPHONEOS_DEPLOYMENT_TARGET = 8.0;
				LD_RUNPATH_SEARCH_PATHS = (
					"$(inherited)",
					"@executable_path/Frameworks",
					"@loader_path/Frameworks",
				);
				PRODUCT_BUNDLE_IDENTIFIER = "com.pluto-y.PYAegis";
				PRODUCT_NAME = "$(TARGET_NAME:c99extidentifier)";
				SKIP_INSTALL = YES;
				TARGETED_DEVICE_FAMILY = "1,2";
			};
			name = Release;
		};
		5DC750E921E213ED0012B16C /* Debug */ = {
			isa = XCBuildConfiguration;
			baseConfigurationReference = 5D20D1F10519D43B0C3D2884 /* Pods-PYAegisTests.debug.xcconfig */;
			buildSettings = {
				CODE_SIGN_STYLE = Automatic;
				DEVELOPMENT_TEAM = 7KW8997Y5M;
				INFOPLIST_FILE = PYAegisTests/Info.plist;
				LD_RUNPATH_SEARCH_PATHS = (
					"$(inherited)",
					"@executable_path/Frameworks",
					"@loader_path/Frameworks",
				);
				PRODUCT_BUNDLE_IDENTIFIER = "com.pluto-y.PYAegisTests";
				PRODUCT_NAME = "$(TARGET_NAME)";
				TARGETED_DEVICE_FAMILY = "1,2";
			};
			name = Debug;
		};
		5DC750EA21E213ED0012B16C /* Release */ = {
			isa = XCBuildConfiguration;
			baseConfigurationReference = A045FDA387567CFE15D2DC64 /* Pods-PYAegisTests.release.xcconfig */;
			buildSettings = {
				CODE_SIGN_STYLE = Automatic;
				DEVELOPMENT_TEAM = 7KW8997Y5M;
				INFOPLIST_FILE = PYAegisTests/Info.plist;
				LD_RUNPATH_SEARCH_PATHS = (
					"$(inherited)",
					"@executable_path/Frameworks",
					"@loader_path/Frameworks",
				);
				PRODUCT_BUNDLE_IDENTIFIER = "com.pluto-y.PYAegisTests";
				PRODUCT_NAME = "$(TARGET_NAME)";
				TARGETED_DEVICE_FAMILY = "1,2";
			};
			name = Release;
		};
/* End XCBuildConfiguration section */

/* Begin XCConfigurationList section */
		5DC750CB21E213ED0012B16C /* Build configuration list for PBXProject "PYAegis" */ = {
			isa = XCConfigurationList;
			buildConfigurations = (
				5DC750E321E213ED0012B16C /* Debug */,
				5DC750E421E213ED0012B16C /* Release */,
			);
			defaultConfigurationIsVisible = 0;
			defaultConfigurationName = Release;
		};
		5DC750E521E213ED0012B16C /* Build configuration list for PBXNativeTarget "PYAegis" */ = {
			isa = XCConfigurationList;
			buildConfigurations = (
				5DC750E621E213ED0012B16C /* Debug */,
				5DC750E721E213ED0012B16C /* Release */,
			);
			defaultConfigurationIsVisible = 0;
			defaultConfigurationName = Release;
		};
		5DC750E821E213ED0012B16C /* Build configuration list for PBXNativeTarget "PYAegisTests" */ = {
			isa = XCConfigurationList;
			buildConfigurations = (
				5DC750E921E213ED0012B16C /* Debug */,
				5DC750EA21E213ED0012B16C /* Release */,
			);
			defaultConfigurationIsVisible = 0;
			defaultConfigurationName = Release;
		};
/* End XCConfigurationList section */
	};
	rootObject = 5DC750C821E213ED0012B16C /* Project object */;
}
